<Solution>
  <Folder Name="/src/">
    <Project Path="src/WargearTracker.Api/WargearTracker.Api.csproj" />
    <Project Path="src/WargearTracker.Core/WargearTracker.Core.csproj" />
    <Project Path="src/WargearTracker.Data/WargearTracker.Data.csproj" />
  </Folder>
  <Folder Name="/tests/">
    <Project Path="tests/WargearTracker.Tests/WargearTracker.Tests.csproj" />
  </Folder>
</Solution>
